
Microsoft Visual Studio Solution File, Format Version 12.00
# Visual Studio Version 17
VisualStudioVersion = 17.11.35208.52
MinimumVisualStudioVersion = 10.0.40219.1
Project("{FAE04EC0-301F-11D3-BF4B-00C04F79EFBC}") = "mTechWebApi", "mTechWebApi.csproj", "{CD90271A-26B1-4B4A-A704-93378B528A15}"
EndProject
Global
	GlobalSection(SolutionConfigurationPlatforms) = preSolution
		Debug|Any CPU = Debug|Any CPU
		Release|Any CPU = Release|Any CPU
	EndGlobalSection
	GlobalSection(ProjectConfigurationPlatforms) = postSolution
		{CD90271A-26B1-4B4A-A704-93378B528A15}.Debug|Any CPU.ActiveCfg = Debug|Any CPU
		{CD90271A-26B1-4B4A-A704-93378B528A15}.Debug|Any CPU.Build.0 = Debug|Any CPU
		{CD90271A-26B1-4B4A-A704-93378B528A15}.Release|Any CPU.ActiveCfg = Release|Any CPU
		{CD90271A-26B1-4B4A-A704-93378B528A15}.Release|Any CPU.Build.0 = Release|Any CPU
	EndGlobalSection
	GlobalSection(SolutionProperties) = preSolution
		HideSolutionNode = FALSE
	EndGlobalSection
	GlobalSection(ExtensibilityGlobals) = postSolution
		SolutionGuid = {BFF4DD35-C678-4533-A7EC-3589F069C2C5}
	EndGlobalSection
EndGlobal
